
Microsoft Visual Studio Solution File, Format Version 12.00
# Visual Studio Version 16
VisualStudioVersion = 16.0.31005.135
MinimumVisualStudioVersion = 10.0.40219.1
Project("{FAE04EC0-301F-11D3-BF4B-00C04F79EFBC}") = "pagina web sencilla en ASP.NET v2", "pagina web sencilla en ASP.NET v2\pagina web sencilla en ASP.NET v2.csproj", "{CA835BDC-812D-4E6A-9A6F-0F66AB92D36F}"
EndProject
Global
	GlobalSection(SolutionConfigurationPlatforms) = preSolution
		Debug|Any CPU = Debug|Any CPU
		Release|Any CPU = Release|Any CPU
	EndGlobalSection
	GlobalSection(ProjectConfigurationPlatforms) = postSolution
		{CA835BDC-812D-4E6A-9A6F-0F66AB92D36F}.Debug|Any CPU.ActiveCfg = Debug|Any CPU
		{CA835BDC-812D-4E6A-9A6F-0F66AB92D36F}.Debug|Any CPU.Build.0 = Debug|Any CPU
		{CA835BDC-812D-4E6A-9A6F-0F66AB92D36F}.Release|Any CPU.ActiveCfg = Release|Any CPU
		{CA835BDC-812D-4E6A-9A6F-0F66AB92D36F}.Release|Any CPU.Build.0 = Release|Any CPU
	EndGlobalSection
	GlobalSection(SolutionProperties) = preSolution
		HideSolutionNode = FALSE
	EndGlobalSection
	GlobalSection(ExtensibilityGlobals) = postSolution
		SolutionGuid = {AA8098B9-8A3A-4123-B8EB-870B9A0F7FA2}
	EndGlobalSection
EndGlobal
